
Microsoft Visual Studio Solution File, Format Version 12.00
# Visual Studio Version 16
VisualStudioVersion = 16.0.31515.178
MinimumVisualStudioVersion = 10.0.40219.1
Project("{FAE04EC0-301F-11D3-BF4B-00C04F79EFBC}") = "ButtonGrid", "ButtonGrid\ButtonGrid.csproj", "{3467833C-B700-4B69-B702-AD2D49D61D9B}"
EndProject
Global
	GlobalSection(SolutionConfigurationPlatforms) = preSolution
		Debug|Any CPU = Debug|Any CPU
		Release|Any CPU = Release|Any CPU
	EndGlobalSection
	GlobalSection(ProjectConfigurationPlatforms) = postSolution
		{3467833C-B700-4B69-B702-AD2D49D61D9B}.Debug|Any CPU.ActiveCfg = Debug|Any CPU
		{3467833C-B700-4B69-B702-AD2D49D61D9B}.Debug|Any CPU.Build.0 = Debug|Any CPU
		{3467833C-B700-4B69-B702-AD2D49D61D9B}.Release|Any CPU.ActiveCfg = Release|Any CPU
		{3467833C-B700-4B69-B702-AD2D49D61D9B}.Release|Any CPU.Build.0 = Release|Any CPU
	EndGlobalSection
	GlobalSection(SolutionProperties) = preSolution
		HideSolutionNode = FALSE
	EndGlobalSection
	GlobalSection(ExtensibilityGlobals) = postSolution
		SolutionGuid = {F6290091-1762-4C66-8582-D4FECE527F2B}
	EndGlobalSection
EndGlobal
